
Microsoft Visual Studio Solution File, Format Version 12.00
# Visual Studio Version 17
VisualStudioVersion = 17.14.36717.8 d17.14
MinimumVisualStudioVersion = 10.0.40219.1
Project("{FAE04EC0-301F-11D3-BF4B-00C04F79EFBC}") = "NightmareMode", "NightmareMode.csproj", "{8917FBE0-51D3-E50E-ECEC-87725292750F}"
EndProject
Global
	GlobalSection(SolutionConfigurationPlatforms) = preSolution
		Debug|Any CPU = Debug|Any CPU
		Release|Any CPU = Release|Any CPU
	EndGlobalSection
	GlobalSection(ProjectConfigurationPlatforms) = postSolution
		{8917FBE0-51D3-E50E-ECEC-87725292750F}.Debug|Any CPU.ActiveCfg = Debug|Any CPU
		{8917FBE0-51D3-E50E-ECEC-87725292750F}.Debug|Any CPU.Build.0 = Debug|Any CPU
		{8917FBE0-51D3-E50E-ECEC-87725292750F}.Release|Any CPU.ActiveCfg = Release|Any CPU
		{8917FBE0-51D3-E50E-ECEC-87725292750F}.Release|Any CPU.Build.0 = Release|Any CPU
	EndGlobalSection
	GlobalSection(SolutionProperties) = preSolution
		HideSolutionNode = FALSE
	EndGlobalSection
	GlobalSection(ExtensibilityGlobals) = postSolution
		SolutionGuid = {55C7D15F-25B6-49D6-8919-4B26232D06F6}
	EndGlobalSection
EndGlobal
